
Microsoft Visual Studio Solution File, Format Version 12.00
# Visual Studio Version 16
VisualStudioVersion = 16.0.31205.134
MinimumVisualStudioVersion = 10.0.40219.1
Project("{FAE04EC0-301F-11D3-BF4B-00C04F79EFBC}") = "BlazorMaterial", "BlazorMaterial\BlazorMaterial.csproj", "{37B2E722-7C2C-49D1-8F25-01FA81452C4C}"
EndProject
Global
	GlobalSection(SolutionConfigurationPlatforms) = preSolution
		Debug|Any CPU = Debug|Any CPU
		Release|Any CPU = Release|Any CPU
	EndGlobalSection
	GlobalSection(ProjectConfigurationPlatforms) = postSolution
		{37B2E722-7C2C-49D1-8F25-01FA81452C4C}.Debug|Any CPU.ActiveCfg = Debug|Any CPU
		{37B2E722-7C2C-49D1-8F25-01FA81452C4C}.Debug|Any CPU.Build.0 = Debug|Any CPU
		{37B2E722-7C2C-49D1-8F25-01FA81452C4C}.Release|Any CPU.ActiveCfg = Release|Any CPU
		{37B2E722-7C2C-49D1-8F25-01FA81452C4C}.Release|Any CPU.Build.0 = Release|Any CPU
	EndGlobalSection
	GlobalSection(SolutionProperties) = preSolution
		HideSolutionNode = FALSE
	EndGlobalSection
	GlobalSection(ExtensibilityGlobals) = postSolution
		SolutionGuid = {2F0582D9-F0A0-4B67-A3ED-BE1811547A58}
	EndGlobalSection
EndGlobal
